
Microsoft Visual Studio Solution File, Format Version 12.00
# Visual Studio Version 16
VisualStudioVersion = 16.0.30907.101
MinimumVisualStudioVersion = 10.0.40219.1
Project("{FAE04EC0-301F-11D3-BF4B-00C04F79EFBC}") = "GODrive", "GODrive.csproj", "{FBF1940A-77D1-4F6B-8E62-2FE89430AFF5}"
EndProject
Global
	GlobalSection(SolutionConfigurationPlatforms) = preSolution
		Debug|Any CPU = Debug|Any CPU
		Release|Any CPU = Release|Any CPU
	EndGlobalSection
	GlobalSection(ProjectConfigurationPlatforms) = postSolution
		{FBF1940A-77D1-4F6B-8E62-2FE89430AFF5}.Debug|Any CPU.ActiveCfg = Debug|Any CPU
		{FBF1940A-77D1-4F6B-8E62-2FE89430AFF5}.Debug|Any CPU.Build.0 = Debug|Any CPU
		{FBF1940A-77D1-4F6B-8E62-2FE89430AFF5}.Release|Any CPU.ActiveCfg = Release|Any CPU
		{FBF1940A-77D1-4F6B-8E62-2FE89430AFF5}.Release|Any CPU.Build.0 = Release|Any CPU
	EndGlobalSection
	GlobalSection(SolutionProperties) = preSolution
		HideSolutionNode = FALSE
	EndGlobalSection
	GlobalSection(ExtensibilityGlobals) = postSolution
		SolutionGuid = {5DF38A21-7F74-475C-80E9-6DE010BAACEC}
	EndGlobalSection
EndGlobal
